PODS:
  - GenseeSDK/GSCommonSDK (1.1.6)
  - GenseeSDK/GSDocSDK (1.1.6):
    - GenseeSDK/GSCommonSDK
  - GenseeSDK/GSVodSDK (1.1.6):
    - GenseeSDK/GSDocSDK

DEPENDENCIES:
  - GenseeSDK/GSVodSDK (~> 1.1.6)

SPEC REPOS:
  trunk:
    - GenseeSDK

SPEC CHECKSUMS:
  GenseeSDK: 9e847996e9a272ba19edb4516ff4c9add8892537

PODFILE CHECKSUM: e6960c614d5813e367c43992f201f49e859257d7

COCOAPODS: 1.10.1
