PODS:
  - GenseeSDK (1.1.6):
    - GenseeSDK/GSPlayerSDK (= 1.1.6)
  - GenseeSDK/GSCommonSDK (1.1.6)
  - GenseeSDK/GSDocSDK (1.1.6):
    - GenseeSDK/GSCommonSDK
  - GenseeSDK/GSPlayerSDK (1.1.6):
    - GenseeSDK/GSDocSDK

DEPENDENCIES:
  - GenseeSDK (~> 1.1.6)

SPEC REPOS:
  trunk:
    - GenseeSDK

SPEC CHECKSUMS:
  GenseeSDK: 9e847996e9a272ba19edb4516ff4c9add8892537

PODFILE CHECKSUM: 7a8cadd84001655ae15f0d28128332494c9f56ed

COCOAPODS: 1.10.1
